
Microsoft Visual Studio Solution File, Format Version 12.00
# Visual Studio Version 16
VisualStudioVersion = 16.0.30011.22
MinimumVisualStudioVersion = 10.0.40219.1
Project("{9A19103F-16F7-4668-BE54-9A1E7A4F7556}") = "Brobot.Api", "src\Brobot.Api\Brobot.Api.csproj", "{592F5B14-B605-467E-BDFA-2C6807213E74}"
EndProject
Project("{9A19103F-16F7-4668-BE54-9A1E7A4F7556}") = "Brobot.Core", "src\Brobot.Core\Brobot.Core.csproj", "{7B649C77-5792-46F2-B059-8725AD65D58C}"
EndProject
Project("{9A19103F-16F7-4668-BE54-9A1E7A4F7556}") = "Brobot.Sync", "src\Brobot.Sync\Brobot.Sync.csproj", "{FB830EA6-A293-4826-B48A-C9E2C2A8D915}"
EndProject
Project("{9A19103F-16F7-4668-BE54-9A1E7A4F7556}") = "Brobot.Monitor", "src\Brobot.Monitor\Brobot.Monitor.csproj", "{638942E3-8438-4F73-97F6-920BD4517880}"
EndProject
Project("{FAE04EC0-301F-11D3-BF4B-00C04F79EFBC}") = "Brobot.Commands", "src\Brobot.Commands\Brobot.Commands.csproj", "{ECC7F426-49F8-4BE4-90BA-C9ADA65DE1F5}"
EndProject
Project("{FAE04EC0-301F-11D3-BF4B-00C04F79EFBC}") = "Brobot.Jobs", "src\Brobot.Jobs\Brobot.Jobs.csproj", "{43C4CC11-14C9-4943-BCBF-A6FC7DA56539}"
EndProject
Global
	GlobalSection(SolutionConfigurationPlatforms) = preSolution
		Debug|Any CPU = Debug|Any CPU
		Release|Any CPU = Release|Any CPU
	EndGlobalSection
	GlobalSection(ProjectConfigurationPlatforms) = postSolution
		{592F5B14-B605-467E-BDFA-2C6807213E74}.Debug|Any CPU.ActiveCfg = Debug|Any CPU
		{592F5B14-B605-467E-BDFA-2C6807213E74}.Debug|Any CPU.Build.0 = Debug|Any CPU
		{592F5B14-B605-467E-BDFA-2C6807213E74}.Release|Any CPU.ActiveCfg = Release|Any CPU
		{592F5B14-B605-467E-BDFA-2C6807213E74}.Release|Any CPU.Build.0 = Release|Any CPU
		{7B649C77-5792-46F2-B059-8725AD65D58C}.Debug|Any CPU.ActiveCfg = Debug|Any CPU
		{7B649C77-5792-46F2-B059-8725AD65D58C}.Debug|Any CPU.Build.0 = Debug|Any CPU
		{7B649C77-5792-46F2-B059-8725AD65D58C}.Release|Any CPU.ActiveCfg = Release|Any CPU
		{7B649C77-5792-46F2-B059-8725AD65D58C}.Release|Any CPU.Build.0 = Release|Any CPU
		{FB830EA6-A293-4826-B48A-C9E2C2A8D915}.Debug|Any CPU.ActiveCfg = Debug|Any CPU
		{FB830EA6-A293-4826-B48A-C9E2C2A8D915}.Debug|Any CPU.Build.0 = Debug|Any CPU
		{FB830EA6-A293-4826-B48A-C9E2C2A8D915}.Release|Any CPU.ActiveCfg = Release|Any CPU
		{FB830EA6-A293-4826-B48A-C9E2C2A8D915}.Release|Any CPU.Build.0 = Release|Any CPU
		{638942E3-8438-4F73-97F6-920BD4517880}.Debug|Any CPU.ActiveCfg = Debug|Any CPU
		{638942E3-8438-4F73-97F6-920BD4517880}.Debug|Any CPU.Build.0 = Debug|Any CPU
		{638942E3-8438-4F73-97F6-920BD4517880}.Release|Any CPU.ActiveCfg = Release|Any CPU
		{638942E3-8438-4F73-97F6-920BD4517880}.Release|Any CPU.Build.0 = Release|Any CPU
		{ECC7F426-49F8-4BE4-90BA-C9ADA65DE1F5}.Debug|Any CPU.ActiveCfg = Debug|Any CPU
		{ECC7F426-49F8-4BE4-90BA-C9ADA65DE1F5}.Debug|Any CPU.Build.0 = Debug|Any CPU
		{ECC7F426-49F8-4BE4-90BA-C9ADA65DE1F5}.Release|Any CPU.ActiveCfg = Release|Any CPU
		{ECC7F426-49F8-4BE4-90BA-C9ADA65DE1F5}.Release|Any CPU.Build.0 = Release|Any CPU
		{43C4CC11-14C9-4943-BCBF-A6FC7DA56539}.Debug|Any CPU.ActiveCfg = Debug|Any CPU
		{43C4CC11-14C9-4943-BCBF-A6FC7DA56539}.Debug|Any CPU.Build.0 = Debug|Any CPU
		{43C4CC11-14C9-4943-BCBF-A6FC7DA56539}.Release|Any CPU.ActiveCfg = Release|Any CPU
		{43C4CC11-14C9-4943-BCBF-A6FC7DA56539}.Release|Any CPU.Build.0 = Release|Any CPU
	EndGlobalSection
	GlobalSection(SolutionProperties) = preSolution
		HideSolutionNode = FALSE
	EndGlobalSection
	GlobalSection(ExtensibilityGlobals) = postSolution
		SolutionGuid = {9F3AB3DC-51B4-42A1-BB0A-49A1FF50E644}
	EndGlobalSection
EndGlobal
